
Microsoft Visual Studio Solution File, Format Version 12.00
# Visual Studio 15
VisualStudioVersion = 15.0.26730.16
MinimumVisualStudioVersion = 10.0.40219.1
Project("{FAE04EC0-301F-11D3-BF4B-00C04F79EFBC}") = "ShapesLibrary", "ShapesLibrary.csproj", "{35EAC56E-8D31-4CB1-B397-876C2A17F8AB}"
EndProject
Global
	GlobalSection(SolutionConfigurationPlatforms) = preSolution
		Debug|Any CPU = Debug|Any CPU
		Release|Any CPU = Release|Any CPU
	EndGlobalSection
	GlobalSection(ProjectConfigurationPlatforms) = postSolution
		{35EAC56E-8D31-4CB1-B397-876C2A17F8AB}.Debug|Any CPU.ActiveCfg = Debug|Any CPU
		{35EAC56E-8D31-4CB1-B397-876C2A17F8AB}.Debug|Any CPU.Build.0 = Debug|Any CPU
		{35EAC56E-8D31-4CB1-B397-876C2A17F8AB}.Release|Any CPU.ActiveCfg = Release|Any CPU
		{35EAC56E-8D31-4CB1-B397-876C2A17F8AB}.Release|Any CPU.Build.0 = Release|Any CPU
	EndGlobalSection
	GlobalSection(SolutionProperties) = preSolution
		HideSolutionNode = FALSE
	EndGlobalSection
	GlobalSection(ExtensibilityGlobals) = postSolution
		SolutionGuid = {C23BC2A4-3F87-4CD6-BA6B-6CC437BCBEA3}
	EndGlobalSection
EndGlobal
